// !$*UTF8*$!
{
	archiveVersion = 1;
	classes = {
	};
	objectVersion = 50;
	objects = {

/* Begin PBXBuildFile section */
		0B7AA89C2653FD6800ED179F /* Tests_iOS.swift in Sources */ = {isa = PBXBuildFile; fileRef = 0B7AA89B2653FD6800ED179F /* Tests_iOS.swift */; };
		0B7AA8A72653FD6800ED179F /* Tests_macOS.swift in Sources */ = {isa = PBXBuildFile; fileRef = 0B7AA8A62653FD6800ED179F /* Tests_macOS.swift */; };
		0B7AA8A92653FD6800ED179F /* StoryHood.xcdatamodeld in Sources */ = {isa = PBXBuildFile; fileRef = 0B7AA87D2653FD6600ED179F /* StoryHood.xcdatamodeld */; };
		0B7AA8AA2653FD6800ED179F /* StoryHood.xcdatamodeld in Sources */ = {isa = PBXBuildFile; fileRef = 0B7AA87D2653FD6600ED179F /* StoryHood.xcdatamodeld */; };
		0B7AA8AB2653FD6800ED179F /* StoryHoodApp.swift in Sources */ = {isa = PBXBuildFile; fileRef = 0B7AA87F2653FD6600ED179F /* StoryHoodApp.swift */; };
		0B7AA8AC2653FD6800ED179F /* StoryHoodApp.swift in Sources */ = {isa = PBXBuildFile; fileRef = 0B7AA87F2653FD6600ED179F /* StoryHoodApp.swift */; };
		0B7AA8AD2653FD6800ED179F /* ContentView.swift in Sources */ = {isa = PBXBuildFile; fileRef = 0B7AA8802653FD6600ED179F /* ContentView.swift */; };
		0B7AA8AE2653FD6800ED179F /* ContentView.swift in Sources */ = {isa = PBXBuildFile; fileRef = 0B7AA8802653FD6600ED179F /* ContentView.swift */; };
		0B7AA8AF2653FD6800ED179F /* Persistence.swift in Sources */ = {isa = PBXBuildFile; fileRef = 0B7AA8812653FD6600ED179F /* Persistence.swift */; };
		0B7AA8B02653FD6800ED179F /* Persistence.swift in Sources */ = {isa = PBXBuildFile; fileRef = 0B7AA8812653FD6600ED179F /* Persistence.swift */; };
		0B7AA8B12653FD6800ED179F /* Assets.xcassets in Resources */ = {isa = PBXBuildFile; fileRef = 0B7AA8822653FD6800ED179F /* Assets.xcassets */; };
		0B7AA8B22653FD6800ED179F /* Assets.xcassets in Resources */ = {isa = PBXBuildFile; fileRef = 0B7AA8822653FD6800ED179F /* Assets.xcassets */; };
		0BBFEC732654027000D3379A /* Message.swift in Sources */ = {isa = PBXBuildFile; fileRef = 0BBFEC722654027000D3379A /* Message.swift */; };
		0BBFEC742654027000D3379A /* Message.swift in Sources */ = {isa = PBXBuildFile; fileRef = 0BBFEC722654027000D3379A /* Message.swift */; };
		0BBFEC762654053A00D3379A /* Character.swift in Sources */ = {isa = PBXBuildFile; fileRef = 0BBFEC752654053A00D3379A /* Character.swift */; };
		0BBFEC772654053A00D3379A /* Character.swift in Sources */ = {isa = PBXBuildFile; fileRef = 0BBFEC752654053A00D3379A /* Character.swift */; };
		0BBFEC792654077C00D3379A /* CharacterState.swift in Sources */ = {isa = PBXBuildFile; fileRef = 0BBFEC782654077C00D3379A /* CharacterState.swift */; };
		0BBFEC7A2654077C00D3379A /* CharacterState.swift in Sources */ = {isa = PBXBuildFile; fileRef = 0BBFEC782654077C00D3379A /* CharacterState.swift */; };
		0BBFEC7C265407A300D3379A /* ChatInteractor.swift in Sources */ = {isa = PBXBuildFile; fileRef = 0BBFEC7B265407A300D3379A /* ChatInteractor.swift */; };
		0BBFEC7D265407A300D3379A /* ChatInteractor.swift in Sources */ = {isa = PBXBuildFile; fileRef = 0BBFEC7B265407A300D3379A /* ChatInteractor.swift */; };
		0BBFEC7F265407E300D3379A /* CoreDataManager.swift in Sources */ = {isa = PBXBuildFile; fileRef = 0BBFEC7E265407E300D3379A /* CoreDataManager.swift */; };
		0BBFEC80265407E300D3379A /* CoreDataManager.swift in Sources */ = {isa = PBXBuildFile; fileRef = 0BBFEC7E265407E300D3379A /* CoreDataManager.swift */; };
		0BBFEC82265407FC00D3379A /* ServiceTeste.swift in Sources */ = {isa = PBXBuildFile; fileRef = 0BBFEC81265407FC00D3379A /* ServiceTeste.swift */; };
		0BBFEC83265407FC00D3379A /* ServiceTeste.swift in Sources */ = {isa = PBXBuildFile; fileRef = 0BBFEC81265407FC00D3379A /* ServiceTeste.swift */; };
		0BBFEC852654082D00D3379A /* MessageBubble.swift in Sources */ = {isa = PBXBuildFile; fileRef = 0BBFEC842654082D00D3379A /* MessageBubble.swift */; };
		0BBFEC862654082D00D3379A /* MessageBubble.swift in Sources */ = {isa = PBXBuildFile; fileRef = 0BBFEC842654082D00D3379A /* MessageBubble.swift */; };
/* End PBXBuildFile section */

/* Begin PBXContainerItemProxy section */
		0B7AA8982653FD6800ED179F /* PBXContainerItemProxy */ = {
			isa = PBXContainerItemProxy;
			containerPortal = 0B7AA8782653FD6600ED179F /* Project object */;
			proxyType = 1;
			remoteGlobalIDString = 0B7AA8862653FD6800ED179F;
			remoteInfo = "StoryHood (iOS)";
		};
		0B7AA8A32653FD6800ED179F /* PBXContainerItemProxy */ = {
			isa = PBXContainerItemProxy;
			containerPortal = 0B7AA8782653FD6600ED179F /* Project object */;
			proxyType = 1;
			remoteGlobalIDString = 0B7AA88E2653FD6800ED179F;
			remoteInfo = "StoryHood (macOS)";
		};
/* End PBXContainerItemProxy section */

/* Begin PBXFileReference section */
		0B7AA87E2653FD6600ED179F /* Shared.xcdatamodel */ = {isa = PBXFileReference; lastKnownFileType = wrapper.xcdatamodel; path = Shared.xcdatamodel; sourceTree = "<group>"; };
		0B7AA87F2653FD6600ED179F /* StoryHoodApp.swift */ = {isa = PBXFileReference; lastKnownFileType = sourcecode.swift; path = StoryHoodApp.swift; sourceTree = "<group>"; };
		0B7AA8802653FD6600ED179F /* ContentView.swift */ = {isa = PBXFileReference; lastKnownFileType = sourcecode.swift; path = ContentView.swift; sourceTree = "<group>"; };
		0B7AA8812653FD6600ED179F /* Persistence.swift */ = {isa = PBXFileReference; lastKnownFileType = sourcecode.swift; path = Persistence.swift; sourceTree = "<group>"; };
		0B7AA8822653FD6800ED179F /* Assets.xcassets */ = {isa = PBXFileReference; lastKnownFileType = folder.assetcatalog; path = Assets.xcassets; sourceTree = "<group>"; };
		0B7AA8872653FD6800ED179F /* StoryHood.app */ = {isa = PBXFileReference; explicitFileType = wrapper.application; includeInIndex = 0; path = StoryHood.app; sourceTree = BUILT_PRODUCTS_DIR; };
		0B7AA88A2653FD6800ED179F /* Info.plist */ = {isa = PBXFileReference; lastKnownFileType = text.plist.xml; path = Info.plist; sourceTree = "<group>"; };
		0B7AA88F2653FD6800ED179F /* StoryHood.app */ = {isa = PBXFileReference; explicitFileType = wrapper.application; includeInIndex = 0; path = StoryHood.app; sourceTree = BUILT_PRODUCTS_DIR; };
		0B7AA8912653FD6800ED179F /* Info.plist */ = {isa = PBXFileReference; lastKnownFileType = text.plist.xml; path = Info.plist; sourceTree = "<group>"; };
		0B7AA8922653FD6800ED179F /* macOS.entitlements */ = {isa = PBXFileReference; lastKnownFileType = text.plist.entitlements; path = macOS.entitlements; sourceTree = "<group>"; };
		0B7AA8972653FD6800ED179F /* Tests iOS.xctest */ = {isa = PBXFileReference; explicitFileType = wrapper.cfbundle; includeInIndex = 0; path = "Tests iOS.xctest"; sourceTree = BUILT_PRODUCTS_DIR; };
		0B7AA89B2653FD6800ED179F /* Tests_iOS.swift */ = {isa = PBXFileReference; lastKnownFileType = sourcecode.swift; path = Tests_iOS.swift; sourceTree = "<group>"; };
		0B7AA89D2653FD6800ED179F /* Info.plist */ = {isa = PBXFileReference; lastKnownFileType = text.plist.xml; path = Info.plist; sourceTree = "<group>"; };
		0B7AA8A22653FD6800ED179F /* Tests macOS.xctest */ = {isa = PBXFileReference; explicitFileType = wrapper.cfbundle; includeInIndex = 0; path = "Tests macOS.xctest"; sourceTree = BUILT_PRODUCTS_DIR; };
		0B7AA8A62653FD6800ED179F /* Tests_macOS.swift */ = {isa = PBXFileReference; lastKnownFileType = sourcecode.swift; path = Tests_macOS.swift; sourceTree = "<group>"; };
		0B7AA8A82653FD6800ED179F /* Info.plist */ = {isa = PBXFileReference; lastKnownFileType = text.plist.xml; path = Info.plist; sourceTree = "<group>"; };
		0BBFEC722654027000D3379A /* Message.swift */ = {isa = PBXFileReference; lastKnownFileType = sourcecode.swift; path = Message.swift; sourceTree = "<group>"; };
		0BBFEC752654053A00D3379A /* Character.swift */ = {isa = PBXFileReference; lastKnownFileType = sourcecode.swift; path = Character.swift; sourceTree = "<group>"; };
		0BBFEC782654077C00D3379A /* CharacterState.swift */ = {isa = PBXFileReference; lastKnownFileType = sourcecode.swift; path = CharacterState.swift; sourceTree = "<group>"; };
		0BBFEC7B265407A300D3379A /* ChatInteractor.swift */ = {isa = PBXFileReference; lastKnownFileType = sourcecode.swift; path = ChatInteractor.swift; sourceTree = "<group>"; };
		0BBFEC7E265407E300D3379A /* CoreDataManager.swift */ = {isa = PBXFileReference; lastKnownFileType = sourcecode.swift; path = CoreDataManager.swift; sourceTree = "<group>"; };
		0BBFEC81265407FC00D3379A /* ServiceTeste.swift */ = {isa = PBXFileReference; lastKnownFileType = sourcecode.swift; path = ServiceTeste.swift; sourceTree = "<group>"; };
		0BBFEC842654082D00D3379A /* MessageBubble.swift */ = {isa = PBXFileReference; lastKnownFileType = sourcecode.swift; path = MessageBubble.swift; sourceTree = "<group>"; };
/* End PBXFileReference section */

/* Begin PBXFrameworksBuildPhase section */
		0B7AA8842653FD6800ED179F /* Frameworks */ = {
			isa = PBXFrameworksBuildPhase;
			buildActionMask = 2147483647;
			files = (
			);
			runOnlyForDeploymentPostprocessing = 0;
		};
		0B7AA88C2653FD6800ED179F /* Frameworks */ = {
			isa = PBXFrameworksBuildPhase;
			buildActionMask = 2147483647;
			files = (
			);
			runOnlyForDeploymentPostprocessing = 0;
		};
		0B7AA8942653FD6800ED179F /* Frameworks */ = {
			isa = PBXFrameworksBuildPhase;
			buildActionMask = 2147483647;
			files = (
			);
			runOnlyForDeploymentPostprocessing = 0;
		};
		0B7AA89F2653FD6800ED179F /* Frameworks */ = {
			isa = PBXFrameworksBuildPhase;
			buildActionMask = 2147483647;
			files = (
			);
			runOnlyForDeploymentPostprocessing = 0;
		};
/* End PBXFrameworksBuildPhase section */

/* Begin PBXGroup section */
		0B7AA8772653FD6600ED179F = {
			isa = PBXGroup;
			children = (
				0B7AA87C2653FD6600ED179F /* Shared */,
				0B7AA8892653FD6800ED179F /* iOS */,
				0B7AA8902653FD6800ED179F /* macOS */,
				0B7AA89A2653FD6800ED179F /* Tests iOS */,
				0B7AA8A52653FD6800ED179F /* Tests macOS */,
				0B7AA8882653FD6800ED179F /* Products */,
			);
			sourceTree = "<group>";
		};
		0B7AA87C2653FD6600ED179F /* Shared */ = {
			isa = PBXGroup;
			children = (
				0BBFEC6D2654020200D3379A /* Repository */,
				0BBFEC6C265401F100D3379A /* AppState */,
				0BBFEC6B265401E700D3379A /* Interactor */,
				0BBFEC682654016800D3379A /* View */,
				0B7AA87F2653FD6600ED179F /* StoryHoodApp.swift */,
				0B7AA8822653FD6800ED179F /* Assets.xcassets */,
				0B7AA87D2653FD6600ED179F /* StoryHood.xcdatamodeld */,
			);
			path = Shared;
			sourceTree = "<group>";
		};
		0B7AA8882653FD6800ED179F /* Products */ = {
			isa = PBXGroup;
			children = (
				0B7AA8872653FD6800ED179F /* StoryHood.app */,
				0B7AA88F2653FD6800ED179F /* StoryHood.app */,
				0B7AA8972653FD6800ED179F /* Tests iOS.xctest */,
				0B7AA8A22653FD6800ED179F /* Tests macOS.xctest */,
			);
			name = Products;
			sourceTree = "<group>";
		};
		0B7AA8892653FD6800ED179F /* iOS */ = {
			isa = PBXGroup;
			children = (
				0B7AA88A2653FD6800ED179F /* Info.plist */,
			);
			path = iOS;
			sourceTree = "<group>";
		};
		0B7AA8902653FD6800ED179F /* macOS */ = {
			isa = PBXGroup;
			children = (
				0B7AA8912653FD6800ED179F /* Info.plist */,
				0B7AA8922653FD6800ED179F /* macOS.entitlements */,
			);
			path = macOS;
			sourceTree = "<group>";
		};
		0B7AA89A2653FD6800ED179F /* Tests iOS */ = {
			isa = PBXGroup;
			children = (
				0B7AA89B2653FD6800ED179F /* Tests_iOS.swift */,
				0B7AA89D2653FD6800ED179F /* Info.plist */,
			);
			path = "Tests iOS";
			sourceTree = "<group>";
		};
		0B7AA8A52653FD6800ED179F /* Tests macOS */ = {
			isa = PBXGroup;
			children = (
				0B7AA8A62653FD6800ED179F /* Tests_macOS.swift */,
				0B7AA8A82653FD6800ED179F /* Info.plist */,
			);
			path = "Tests macOS";
			sourceTree = "<group>";
		};
		0BBFEC682654016800D3379A /* View */ = {
			isa = PBXGroup;
			children = (
				0BBFEC6A2654018800D3379A /* Screens */,
				0BBFEC692654017900D3379A /* Components */,
			);
			path = View;
			sourceTree = "<group>";
		};
		0BBFEC692654017900D3379A /* Components */ = {
			isa = PBXGroup;
			children = (
				0BBFEC842654082D00D3379A /* MessageBubble.swift */,
			);
			path = Components;
			sourceTree = "<group>";
		};
		0BBFEC6A2654018800D3379A /* Screens */ = {
			isa = PBXGroup;
			children = (
				0B7AA8802653FD6600ED179F /* ContentView.swift */,
			);
			path = Screens;
			sourceTree = "<group>";
		};
		0BBFEC6B265401E700D3379A /* Interactor */ = {
			isa = PBXGroup;
			children = (
				0BBFEC7B265407A300D3379A /* ChatInteractor.swift */,
			);
			path = Interactor;
			sourceTree = "<group>";
		};
		0BBFEC6C265401F100D3379A /* AppState */ = {
			isa = PBXGroup;
			children = (
				0BBFEC782654077C00D3379A /* CharacterState.swift */,
			);
			path = AppState;
			sourceTree = "<group>";
		};
		0BBFEC6D2654020200D3379A /* Repository */ = {
			isa = PBXGroup;
			children = (
				0BBFEC712654023E00D3379A /* Managers */,
				0BBFEC702654023400D3379A /* Persistence */,
				0BBFEC6F2654022C00D3379A /* Services */,
				0BBFEC6E2654020D00D3379A /* Entities */,
			);
			path = Repository;
			sourceTree = "<group>";
		};
		0BBFEC6E2654020D00D3379A /* Entities */ = {
			isa = PBXGroup;
			children = (
				0BBFEC722654027000D3379A /* Message.swift */,
				0BBFEC752654053A00D3379A /* Character.swift */,
			);
			path = Entities;
			sourceTree = "<group>";
		};
		0BBFEC6F2654022C00D3379A /* Services */ = {
			isa = PBXGroup;
			children = (
				0BBFEC81265407FC00D3379A /* ServiceTeste.swift */,
			);
			path = Services;
			sourceTree = "<group>";
		};
		0BBFEC702654023400D3379A /* Persistence */ = {
			isa = PBXGroup;
			children = (
				0B7AA8812653FD6600ED179F /* Persistence.swift */,
			);
			path = Persistence;
			sourceTree = "<group>";
		};
		0BBFEC712654023E00D3379A /* Managers */ = {
			isa = PBXGroup;
			children = (
				0BBFEC7E265407E300D3379A /* CoreDataManager.swift */,
			);
			path = Managers;
			sourceTree = "<group>";
		};
/* End PBXGroup section */

/* Begin PBXNativeTarget section */
		0B7AA8862653FD6800ED179F /* StoryHood (iOS) */ = {
			isa = PBXNativeTarget;
			buildConfigurationList = 0B7AA8B52653FD6800ED179F /* Build configuration list for PBXNativeTarget "StoryHood (iOS)" */;
			buildPhases = (
				0B7AA8832653FD6800ED179F /* Sources */,
				0B7AA8842653FD6800ED179F /* Frameworks */,
				0B7AA8852653FD6800ED179F /* Resources */,
			);
			buildRules = (
			);
			dependencies = (
			);
			name = "StoryHood (iOS)";
			productName = "StoryHood (iOS)";
			productReference = 0B7AA8872653FD6800ED179F /* StoryHood.app */;
			productType = "com.apple.product-type.application";
		};
		0B7AA88E2653FD6800ED179F /* StoryHood (macOS) */ = {
			isa = PBXNativeTarget;
			buildConfigurationList = 0B7AA8B82653FD6800ED179F /* Build configuration list for PBXNativeTarget "StoryHood (macOS)" */;
			buildPhases = (
				0B7AA88B2653FD6800ED179F /* Sources */,
				0B7AA88C2653FD6800ED179F /* Frameworks */,
				0B7AA88D2653FD6800ED179F /* Resources */,
			);
			buildRules = (
			);
			dependencies = (
			);
			name = "StoryHood (macOS)";
			productName = "StoryHood (macOS)";
			productReference = 0B7AA88F2653FD6800ED179F /* StoryHood.app */;
			productType = "com.apple.product-type.application";
		};
		0B7AA8962653FD6800ED179F /* Tests iOS */ = {
			isa = PBXNativeTarget;
			buildConfigurationList = 0B7AA8BB2653FD6800ED179F /* Build configuration list for PBXNativeTarget "Tests iOS" */;
			buildPhases = (
				0B7AA8932653FD6800ED179F /* Sources */,
				0B7AA8942653FD6800ED179F /* Frameworks */,
				0B7AA8952653FD6800ED179F /* Resources */,
			);
			buildRules = (
			);
			dependencies = (
				0B7AA8992653FD6800ED179F /* PBXTargetDependency */,
			);
			name = "Tests iOS";
			productName = "Tests iOS";
			productReference = 0B7AA8972653FD6800ED179F /* Tests iOS.xctest */;
			productType = "com.apple.product-type.bundle.ui-testing";
		};
		0B7AA8A12653FD6800ED179F /* Tests macOS */ = {
			isa = PBXNativeTarget;
			buildConfigurationList = 0B7AA8BE2653FD6800ED179F /* Build configuration list for PBXNativeTarget "Tests macOS" */;
			buildPhases = (
				0B7AA89E2653FD6800ED179F /* Sources */,
				0B7AA89F2653FD6800ED179F /* Frameworks */,
				0B7AA8A02653FD6800ED179F /* Resources */,
			);
			buildRules = (
			);
			dependencies = (
				0B7AA8A42653FD6800ED179F /* PBXTargetDependency */,
			);
			name = "Tests macOS";
			productName = "Tests macOS";
			productReference = 0B7AA8A22653FD6800ED179F /* Tests macOS.xctest */;
			productType = "com.apple.product-type.bundle.ui-testing";
		};
/* End PBXNativeTarget section */

/* Begin PBXProject section */
		0B7AA8782653FD6600ED179F /* Project object */ = {
			isa = PBXProject;
			attributes = {
				LastSwiftUpdateCheck = 1250;
				LastUpgradeCheck = 1250;
				TargetAttributes = {
					0B7AA8862653FD6800ED179F = {
						CreatedOnToolsVersion = 12.5;
					};
					0B7AA88E2653FD6800ED179F = {
						CreatedOnToolsVersion = 12.5;
					};
					0B7AA8962653FD6800ED179F = {
						CreatedOnToolsVersion = 12.5;
						TestTargetID = 0B7AA8862653FD6800ED179F;
					};
					0B7AA8A12653FD6800ED179F = {
						CreatedOnToolsVersion = 12.5;
						TestTargetID = 0B7AA88E2653FD6800ED179F;
					};
				};
			};
			buildConfigurationList = 0B7AA87B2653FD6600ED179F /* Build configuration list for PBXProject "StoryHood" */;
			compatibilityVersion = "Xcode 9.3";
			developmentRegion = en;
			hasScannedForEncodings = 0;
			knownRegions = (
				en,
				Base,
			);
			mainGroup = 0B7AA8772653FD6600ED179F;
			productRefGroup = 0B7AA8882653FD6800ED179F /* Products */;
			projectDirPath = "";
			projectRoot = "";
			targets = (
				0B7AA8862653FD6800ED179F /* StoryHood (iOS) */,
				0B7AA88E2653FD6800ED179F /* StoryHood (macOS) */,
				0B7AA8962653FD6800ED179F /* Tests iOS */,
				0B7AA8A12653FD6800ED179F /* Tests macOS */,
			);
		};
/* End PBXProject section */

/* Begin PBXResourcesBuildPhase section */
		0B7AA8852653FD6800ED179F /* Resources */ = {
			isa = PBXResourcesBuildPhase;
			buildActionMask = 2147483647;
			files = (
				0B7AA8B12653FD6800ED179F /* Assets.xcassets in Resources */,
			);
			runOnlyForDeploymentPostprocessing = 0;
		};
		0B7AA88D2653FD6800ED179F /* Resources */ = {
			isa = PBXResourcesBuildPhase;
			buildActionMask = 2147483647;
			files = (
				0B7AA8B22653FD6800ED179F /* Assets.xcassets in Resources */,
			);
			runOnlyForDeploymentPostprocessing = 0;
		};
		0B7AA8952653FD6800ED179F /* Resources */ = {
			isa = PBXResourcesBuildPhase;
			buildActionMask = 2147483647;
			files = (
			);
			runOnlyForDeploymentPostprocessing = 0;
		};
		0B7AA8A02653FD6800ED179F /* Resources */ = {
			isa = PBXResourcesBuildPhase;
			buildActionMask = 2147483647;
			files = (
			);
			runOnlyForDeploymentPostprocessing = 0;
		};
/* End PBXResourcesBuildPhase section */

/* Begin PBXSourcesBuildPhase section */
		0B7AA8832653FD6800ED179F /* Sources */ = {
			isa = PBXSourcesBuildPhase;
			buildActionMask = 2147483647;
			files = (
				0BBFEC792654077C00D3379A /* CharacterState.swift in Sources */,
				0B7AA8A92653FD6800ED179F /* StoryHood.xcdatamodeld in Sources */,
				0BBFEC7C265407A300D3379A /* ChatInteractor.swift in Sources */,
				0B7AA8AF2653FD6800ED179F /* Persistence.swift in Sources */,
				0BBFEC732654027000D3379A /* Message.swift in Sources */,
				0BBFEC82265407FC00D3379A /* ServiceTeste.swift in Sources */,
				0BBFEC762654053A00D3379A /* Character.swift in Sources */,
				0BBFEC7F265407E300D3379A /* CoreDataManager.swift in Sources */,
				0B7AA8AB2653FD6800ED179F /* StoryHoodApp.swift in Sources */,
				0B7AA8AD2653FD6800ED179F /* ContentView.swift in Sources */,
				0BBFEC852654082D00D3379A /* MessageBubble.swift in Sources */,
			);
			runOnlyForDeploymentPostprocessing = 0;
		};
		0B7AA88B2653FD6800ED179F /* Sources */ = {
			isa = PBXSourcesBuildPhase;
			buildActionMask = 2147483647;
			files = (
				0BBFEC7A2654077C00D3379A /* CharacterState.swift in Sources */,
				0B7AA8AA2653FD6800ED179F /* StoryHood.xcdatamodeld in Sources */,
				0BBFEC7D265407A300D3379A /* ChatInteractor.swift in Sources */,
				0B7AA8B02653FD6800ED179F /* Persistence.swift in Sources */,
				0BBFEC742654027000D3379A /* Message.swift in Sources */,
				0BBFEC83265407FC00D3379A /* ServiceTeste.swift in Sources */,
				0BBFEC772654053A00D3379A /* Character.swift in Sources */,
				0BBFEC80265407E300D3379A /* CoreDataManager.swift in Sources */,
				0B7AA8AC2653FD6800ED179F /* StoryHoodApp.swift in Sources */,
				0B7AA8AE2653FD6800ED179F /* ContentView.swift in Sources */,
				0BBFEC862654082D00D3379A /* MessageBubble.swift in Sources */,
			);
			runOnlyForDeploymentPostprocessing = 0;
		};
		0B7AA8932653FD6800ED179F /* Sources */ = {
			isa = PBXSourcesBuildPhase;
			buildActionMask = 2147483647;
			files = (
				0B7AA89C2653FD6800ED179F /* Tests_iOS.swift in Sources */,
			);
			runOnlyForDeploymentPostprocessing = 0;
		};
		0B7AA89E2653FD6800ED179F /* Sources */ = {
			isa = PBXSourcesBuildPhase;
			buildActionMask = 2147483647;
			files = (
				0B7AA8A72653FD6800ED179F /* Tests_macOS.swift in Sources */,
			);
			runOnlyForDeploymentPostprocessing = 0;
		};
/* End PBXSourcesBuildPhase section */

/* Begin PBXTargetDependency section */
		0B7AA8992653FD6800ED179F /* PBXTargetDependency */ = {
			isa = PBXTargetDependency;
			target = 0B7AA8862653FD6800ED179F /* StoryHood (iOS) */;
			targetProxy = 0B7AA8982653FD6800ED179F /* PBXContainerItemProxy */;
		};
		0B7AA8A42653FD6800ED179F /* PBXTargetDependency */ = {
			isa = PBXTargetDependency;
			target = 0B7AA88E2653FD6800ED179F /* StoryHood (macOS) */;
			targetProxy = 0B7AA8A32653FD6800ED179F /* PBXContainerItemProxy */;
		};
/* End PBXTargetDependency section */

/* Begin XCBuildConfiguration section */
		0B7AA8B32653FD6800ED179F /* Debug */ = {
			isa = XCBuildConfiguration;
			buildSettings = {
				ALWAYS_SEARCH_USER_PATHS = NO;
				CLANG_ANALYZER_NONNULL = YES;
				CLANG_ANALYZER_NUMBER_OBJECT_CONVERSION = YES_AGGRESSIVE;
				CLANG_CXX_LANGUAGE_STANDARD = "gnu++14";
				CLANG_CXX_LIBRARY = "libc++";
				CLANG_ENABLE_MODULES = YES;
				CLANG_ENABLE_OBJC_ARC = YES;
				CLANG_ENABLE_OBJC_WEAK = YES;
				CLANG_WARN_BLOCK_CAPTURE_AUTORELEASING = YES;
				CLANG_WARN_BOOL_CONVERSION = YES;
				CLANG_WARN_COMMA = YES;
				CLANG_WARN_CONSTANT_CONVERSION = YES;
				CLANG_WARN_DEPRECATED_OBJC_IMPLEMENTATIONS = YES;
				CLANG_WARN_DIRECT_OBJC_ISA_USAGE = YES_ERROR;
				CLANG_WARN_DOCUMENTATION_COMMENTS = YES;
				CLANG_WARN_EMPTY_BODY = YES;
				CLANG_WARN_ENUM_CONVERSION = YES;
				CLANG_WARN_INFINITE_RECURSION = YES;
				CLANG_WARN_INT_CONVERSION = YES;
				CLANG_WARN_NON_LITERAL_NULL_CONVERSION = YES;
				CLANG_WARN_OBJC_IMPLICIT_RETAIN_SELF = YES;
				CLANG_WARN_OBJC_LITERAL_CONVERSION = YES;
				CLANG_WARN_OBJC_ROOT_CLASS = YES_ERROR;
				CLANG_WARN_QUOTED_INCLUDE_IN_FRAMEWORK_HEADER = YES;
				CLANG_WARN_RANGE_LOOP_ANALYSIS = YES;
				CLANG_WARN_STRICT_PROTOTYPES = YES;
				CLANG_WARN_SUSPICIOUS_MOVE = YES;
				CLANG_WARN_UNGUARDED_AVAILABILITY = YES_AGGRESSIVE;
				CLANG_WARN_UNREACHABLE_CODE = YES;
				CLANG_WARN__DUPLICATE_METHOD_MATCH = YES;
				COPY_PHASE_STRIP = NO;
				DEBUG_INFORMATION_FORMAT = dwarf;
				ENABLE_STRICT_OBJC_MSGSEND = YES;
				ENABLE_TESTABILITY = YES;
				GCC_C_LANGUAGE_STANDARD = gnu11;
				GCC_DYNAMIC_NO_PIC = NO;
				GCC_NO_COMMON_BLOCKS = YES;
				GCC_OPTIMIZATION_LEVEL = 0;
				GCC_PREPROCESSOR_DEFINITIONS = (
					"DEBUG=1",
					"$(inherited)",
				);
				GCC_WARN_64_TO_32_BIT_CONVERSION = YES;
				GCC_WARN_ABOUT_RETURN_TYPE = YES_ERROR;
				GCC_WARN_UNDECLARED_SELECTOR = YES;
				GCC_WARN_UNINITIALIZED_AUTOS = YES_AGGRESSIVE;
				GCC_WARN_UNUSED_FUNCTION = YES;
				GCC_WARN_UNUSED_VARIABLE = YES;
				MTL_ENABLE_DEBUG_INFO = INCLUDE_SOURCE;
				MTL_FAST_MATH = YES;
				ONLY_ACTIVE_ARCH = YES;
				SWIFT_ACTIVE_COMPILATION_CONDITIONS = DEBUG;
				SWIFT_OPTIMIZATION_LEVEL = "-Onone";
			};
			name = Debug;
		};
		0B7AA8B42653FD6800ED179F /* Release */ = {
			isa = XCBuildConfiguration;
			buildSettings = {
				ALWAYS_SEARCH_USER_PATHS = NO;
				CLANG_ANALYZER_NONNULL = YES;
				CLANG_ANALYZER_NUMBER_OBJECT_CONVERSION = YES_AGGRESSIVE;
				CLANG_CXX_LANGUAGE_STANDARD = "gnu++14";
				CLANG_CXX_LIBRARY = "libc++";
				CLANG_ENABLE_MODULES = YES;
				CLANG_ENABLE_OBJC_ARC = YES;
				CLANG_ENABLE_OBJC_WEAK = YES;
				CLANG_WARN_BLOCK_CAPTURE_AUTORELEASING = YES;
				CLANG_WARN_BOOL_CONVERSION = YES;
				CLANG_WARN_COMMA = YES;
				CLANG_WARN_CONSTANT_CONVERSION = YES;
				CLANG_WARN_DEPRECATED_OBJC_IMPLEMENTATIONS = YES;
				CLANG_WARN_DIRECT_OBJC_ISA_USAGE = YES_ERROR;
				CLANG_WARN_DOCUMENTATION_COMMENTS = YES;
				CLANG_WARN_EMPTY_BODY = YES;
				CLANG_WARN_ENUM_CONVERSION = YES;
				CLANG_WARN_INFINITE_RECURSION = YES;
				CLANG_WARN_INT_CONVERSION = YES;
				CLANG_WARN_NON_LITERAL_NULL_CONVERSION = YES;
				CLANG_WARN_OBJC_IMPLICIT_RETAIN_SELF = YES;
				CLANG_WARN_OBJC_LITERAL_CONVERSION = YES;
				CLANG_WARN_OBJC_ROOT_CLASS = YES_ERROR;
				CLANG_WARN_QUOTED_INCLUDE_IN_FRAMEWORK_HEADER = YES;
				CLANG_WARN_RANGE_LOOP_ANALYSIS = YES;
				CLANG_WARN_STRICT_PROTOTYPES = YES;
				CLANG_WARN_SUSPICIOUS_MOVE = YES;
				CLANG_WARN_UNGUARDED_AVAILABILITY = YES_AGGRESSIVE;
				CLANG_WARN_UNREACHABLE_CODE = YES;
				CLANG_WARN__DUPLICATE_METHOD_MATCH = YES;
				COPY_PHASE_STRIP = NO;
				DEBUG_INFORMATION_FORMAT = "dwarf-with-dsym";
				ENABLE_NS_ASSERTIONS = NO;
				ENABLE_STRICT_OBJC_MSGSEND = YES;
				GCC_C_LANGUAGE_STANDARD = gnu11;
				GCC_NO_COMMON_BLOCKS = YES;
				GCC_WARN_64_TO_32_BIT_CONVERSION = YES;
				GCC_WARN_ABOUT_RETURN_TYPE = YES_ERROR;
				GCC_WARN_UNDECLARED_SELECTOR = YES;
				GCC_WARN_UNINITIALIZED_AUTOS = YES_AGGRESSIVE;
				GCC_WARN_UNUSED_FUNCTION = YES;
				GCC_WARN_UNUSED_VARIABLE = YES;
				MTL_ENABLE_DEBUG_INFO = NO;
				MTL_FAST_MATH = YES;
				SWIFT_COMPILATION_MODE = wholemodule;
				SWIFT_OPTIMIZATION_LEVEL = "-O";
			};
			name = Release;
		};
		0B7AA8B62653FD6800ED179F /* Debug */ = {
			isa = XCBuildConfiguration;
			buildSettings = {
				ASSETCATALOG_COMPILER_APPICON_NAME = AppIcon;
				ASSETCATALOG_COMPILER_GLOBAL_ACCENT_COLOR_NAME = AccentColor;
				CODE_SIGN_STYLE = Automatic;
				DEVELOPMENT_TEAM = JCC32S9S9V;
				ENABLE_PREVIEWS = YES;
				INFOPLIST_FILE = iOS/Info.plist;
				IPHONEOS_DEPLOYMENT_TARGET = 14.0;
				LD_RUNPATH_SEARCH_PATHS = (
					"$(inherited)",
					"@executable_path/Frameworks",
				);
				PRODUCT_BUNDLE_IDENTIFIER = developeracademy.StoryHood;
				PRODUCT_NAME = StoryHood;
				SDKROOT = iphoneos;
				SWIFT_VERSION = 5.0;
				TARGETED_DEVICE_FAMILY = "1,2";
			};
			name = Debug;
		};
		0B7AA8B72653FD6800ED179F /* Release */ = {
			isa = XCBuildConfiguration;
			buildSettings = {
				ASSETCATALOG_COMPILER_APPICON_NAME = AppIcon;
				ASSETCATALOG_COMPILER_GLOBAL_ACCENT_COLOR_NAME = AccentColor;
				CODE_SIGN_STYLE = Automatic;
				DEVELOPMENT_TEAM = JCC32S9S9V;
				ENABLE_PREVIEWS = YES;
				INFOPLIST_FILE = iOS/Info.plist;
				IPHONEOS_DEPLOYMENT_TARGET = 14.0;
				LD_RUNPATH_SEARCH_PATHS = (
					"$(inherited)",
					"@executable_path/Frameworks",
				);
				PRODUCT_BUNDLE_IDENTIFIER = developeracademy.StoryHood;
				PRODUCT_NAME = StoryHood;
				SDKROOT = iphoneos;
				SWIFT_VERSION = 5.0;
				TARGETED_DEVICE_FAMILY = "1,2";
				VALIDATE_PRODUCT = YES;
			};
			name = Release;
		};
		0B7AA8B92653FD6800ED179F /* Debug */ = {
			isa = XCBuildConfiguration;
			buildSettings = {
				ASSETCATALOG_COMPILER_APPICON_NAME = AppIcon;
				ASSETCATALOG_COMPILER_GLOBAL_ACCENT_COLOR_NAME = AccentColor;
				CODE_SIGN_ENTITLEMENTS = macOS/macOS.entitlements;
				CODE_SIGN_STYLE = Automatic;
				COMBINE_HIDPI_IMAGES = YES;
				DEVELOPMENT_TEAM = JCC32S9S9V;
				ENABLE_HARDENED_RUNTIME = YES;
				ENABLE_PREVIEWS = YES;
				INFOPLIST_FILE = macOS/Info.plist;
				LD_RUNPATH_SEARCH_PATHS = (
					"$(inherited)",
					"@executable_path/../Frameworks",
				);
				MACOSX_DEPLOYMENT_TARGET = 11.0;
				PRODUCT_BUNDLE_IDENTIFIER = developeracademy.StoryHood;
				PRODUCT_NAME = StoryHood;
				SDKROOT = macosx;
				SWIFT_VERSION = 5.0;
			};
			name = Debug;
		};
		0B7AA8BA2653FD6800ED179F /* Release */ = {
			isa = XCBuildConfiguration;
			buildSettings = {
				ASSETCATALOG_COMPILER_APPICON_NAME = AppIcon;
				ASSETCATALOG_COMPILER_GLOBAL_ACCENT_COLOR_NAME = AccentColor;
				CODE_SIGN_ENTITLEMENTS = macOS/macOS.entitlements;
				CODE_SIGN_STYLE = Automatic;
				COMBINE_HIDPI_IMAGES = YES;
				DEVELOPMENT_TEAM = JCC32S9S9V;
				ENABLE_HARDENED_RUNTIME = YES;
				ENABLE_PREVIEWS = YES;
				INFOPLIST_FILE = macOS/Info.plist;
				LD_RUNPATH_SEARCH_PATHS = (
					"$(inherited)",
					"@executable_path/../Frameworks",
				);
				MACOSX_DEPLOYMENT_TARGET = 11.0;
				PRODUCT_BUNDLE_IDENTIFIER = developeracademy.StoryHood;
				PRODUCT_NAME = StoryHood;
				SDKROOT = macosx;
				SWIFT_VERSION = 5.0;
			};
			name = Release;
		};
		0B7AA8BC2653FD6800ED179F /* Debug */ = {
			isa = XCBuildConfiguration;
			buildSettings = {
				ALWAYS_EMBED_SWIFT_STANDARD_LIBRARIES = YES;
				CODE_SIGN_STYLE = Automatic;
				DEVELOPMENT_TEAM = JCC32S9S9V;
				INFOPLIST_FILE = "Tests iOS/Info.plist";
				IPHONEOS_DEPLOYMENT_TARGET = 14.5;
				LD_RUNPATH_SEARCH_PATHS = (
					"$(inherited)",
					"@executable_path/Frameworks",
					"@loader_path/Frameworks",
				);
				PRODUCT_BUNDLE_IDENTIFIER = "developeracademy.Tests-iOS";
				PRODUCT_NAME = "$(TARGET_NAME)";
				SDKROOT = iphoneos;
				SWIFT_VERSION = 5.0;
				TARGETED_DEVICE_FAMILY = "1,2";
				TEST_TARGET_NAME = "StoryHood (iOS)";
			};
			name = Debug;
		};
		0B7AA8BD2653FD6800ED179F /* Release */ = {
			isa = XCBuildConfiguration;
			buildSettings = {
				ALWAYS_EMBED_SWIFT_STANDARD_LIBRARIES = YES;
				CODE_SIGN_STYLE = Automatic;
				DEVELOPMENT_TEAM = JCC32S9S9V;
				INFOPLIST_FILE = "Tests iOS/Info.plist";
				IPHONEOS_DEPLOYMENT_TARGET = 14.5;
				LD_RUNPATH_SEARCH_PATHS = (
					"$(inherited)",
					"@executable_path/Frameworks",
					"@loader_path/Frameworks",
				);
				PRODUCT_BUNDLE_IDENTIFIER = "developeracademy.Tests-iOS";
				PRODUCT_NAME = "$(TARGET_NAME)";
				SDKROOT = iphoneos;
				SWIFT_VERSION = 5.0;
				TARGETED_DEVICE_FAMILY = "1,2";
				TEST_TARGET_NAME = "StoryHood (iOS)";
				VALIDATE_PRODUCT = YES;
			};
			name = Release;
		};
		0B7AA8BF2653FD6800ED179F /* Debug */ = {
			isa = XCBuildConfiguration;
			buildSettings = {
				ALWAYS_EMBED_SWIFT_STANDARD_LIBRARIES = YES;
				CODE_SIGN_STYLE = Automatic;
				COMBINE_HIDPI_IMAGES = YES;
				DEVELOPMENT_TEAM = JCC32S9S9V;
				INFOPLIST_FILE = "Tests macOS/Info.plist";
				LD_RUNPATH_SEARCH_PATHS = (
					"$(inherited)",
					"@executable_path/../Frameworks",
					"@loader_path/../Frameworks",
				);
				MACOSX_DEPLOYMENT_TARGET = 11.3;
				PRODUCT_BUNDLE_IDENTIFIER = "developeracademy.Tests-macOS";
				PRODUCT_NAME = "$(TARGET_NAME)";
				SDKROOT = macosx;
				SWIFT_VERSION = 5.0;
				TEST_TARGET_NAME = "StoryHood (macOS)";
			};
			name = Debug;
		};
		0B7AA8C02653FD6800ED179F /* Release */ = {
			isa = XCBuildConfiguration;
			buildSettings = {
				ALWAYS_EMBED_SWIFT_STANDARD_LIBRARIES = YES;
				CODE_SIGN_STYLE = Automatic;
				COMBINE_HIDPI_IMAGES = YES;
				DEVELOPMENT_TEAM = JCC32S9S9V;
				INFOPLIST_FILE = "Tests macOS/Info.plist";
				LD_RUNPATH_SEARCH_PATHS = (
					"$(inherited)",
					"@executable_path/../Frameworks",
					"@loader_path/../Frameworks",
				);
				MACOSX_DEPLOYMENT_TARGET = 11.3;
				PRODUCT_BUNDLE_IDENTIFIER = "developeracademy.Tests-macOS";
				PRODUCT_NAME = "$(TARGET_NAME)";
				SDKROOT = macosx;
				SWIFT_VERSION = 5.0;
				TEST_TARGET_NAME = "StoryHood (macOS)";
			};
			name = Release;
		};
/* End XCBuildConfiguration section */

/* Begin XCConfigurationList section */
		0B7AA87B2653FD6600ED179F /* Build configuration list for PBXProject "StoryHood" */ = {
			isa = XCConfigurationList;
			buildConfigurations = (
				0B7AA8B32653FD6800ED179F /* Debug */,
				0B7AA8B42653FD6800ED179F /* Release */,
			);
			defaultConfigurationIsVisible = 0;
			defaultConfigurationName = Release;
		};
		0B7AA8B52653FD6800ED179F /* Build configuration list for PBXNativeTarget "StoryHood (iOS)" */ = {
			isa = XCConfigurationList;
			buildConfigurations = (
				0B7AA8B62653FD6800ED179F /* Debug */,
				0B7AA8B72653FD6800ED179F /* Release */,
			);
			defaultConfigurationIsVisible = 0;
			defaultConfigurationName = Release;
		};
		0B7AA8B82653FD6800ED179F /* Build configuration list for PBXNativeTarget "StoryHood (macOS)" */ = {
			isa = XCConfigurationList;
			buildConfigurations = (
				0B7AA8B92653FD6800ED179F /* Debug */,
				0B7AA8BA2653FD6800ED179F /* Release */,
			);
			defaultConfigurationIsVisible = 0;
			defaultConfigurationName = Release;
		};
		0B7AA8BB2653FD6800ED179F /* Build configuration list for PBXNativeTarget "Tests iOS" */ = {
			isa = XCConfigurationList;
			buildConfigurations = (
				0B7AA8BC2653FD6800ED179F /* Debug */,
				0B7AA8BD2653FD6800ED179F /* Release */,
			);
			defaultConfigurationIsVisible = 0;
			defaultConfigurationName = Release;
		};
		0B7AA8BE2653FD6800ED179F /* Build configuration list for PBXNativeTarget "Tests macOS" */ = {
			isa = XCConfigurationList;
			buildConfigurations = (
				0B7AA8BF2653FD6800ED179F /* Debug */,
				0B7AA8C02653FD6800ED179F /* Release */,
			);
			defaultConfigurationIsVisible = 0;
			defaultConfigurationName = Release;
		};
/* End XCConfigurationList section */

/* Begin XCVersionGroup section */
		0B7AA87D2653FD6600ED179F /* StoryHood.xcdatamodeld */ = {
			isa = XCVersionGroup;
			children = (
				0B7AA87E2653FD6600ED179F /* Shared.xcdatamodel */,
			);
			currentVersion = 0B7AA87E2653FD6600ED179F /* Shared.xcdatamodel */;
			path = StoryHood.xcdatamodeld;
			sourceTree = "<group>";
			versionGroupType = wrapper.xcdatamodel;
		};
/* End XCVersionGroup section */
	};
	rootObject = 0B7AA8782653FD6600ED179F /* Project object */;
}
